
Microsoft Visual Studio Solution File, Format Version 12.00
# Visual Studio Version 17
VisualStudioVersion = 17.9.34622.214
MinimumVisualStudioVersion = 10.0.40219.1
Project("{8BC9CEB8-8B4A-11D0-8D11-00A0C91BC942}") = "부산헹(2)", "부산헹(2)\부산헹(2).vcxproj", "{F28E5CE5-DEAF-4248-9E2A-81B9C6E0EACB}"
EndProject
Global
	GlobalSection(SolutionConfigurationPlatforms) = preSolution
		Debug|x64 = Debug|x64
		Debug|x86 = Debug|x86
		Release|x64 = Release|x64
		Release|x86 = Release|x86
	EndGlobalSection
	GlobalSection(ProjectConfigurationPlatforms) = postSolution
		{F28E5CE5-DEAF-4248-9E2A-81B9C6E0EACB}.Debug|x64.ActiveCfg = Debug|x64
		{F28E5CE5-DEAF-4248-9E2A-81B9C6E0EACB}.Debug|x64.Build.0 = Debug|x64
		{F28E5CE5-DEAF-4248-9E2A-81B9C6E0EACB}.Debug|x86.ActiveCfg = Debug|Win32
		{F28E5CE5-DEAF-4248-9E2A-81B9C6E0EACB}.Debug|x86.Build.0 = Debug|Win32
		{F28E5CE5-DEAF-4248-9E2A-81B9C6E0EACB}.Release|x64.ActiveCfg = Release|x64
		{F28E5CE5-DEAF-4248-9E2A-81B9C6E0EACB}.Release|x64.Build.0 = Release|x64
		{F28E5CE5-DEAF-4248-9E2A-81B9C6E0EACB}.Release|x86.ActiveCfg = Release|Win32
		{F28E5CE5-DEAF-4248-9E2A-81B9C6E0EACB}.Release|x86.Build.0 = Release|Win32
	EndGlobalSection
	GlobalSection(SolutionProperties) = preSolution
		HideSolutionNode = FALSE
	EndGlobalSection
	GlobalSection(ExtensibilityGlobals) = postSolution
		SolutionGuid = {264D29BF-FA30-47CC-89D4-1157AB4960C6}
	EndGlobalSection
EndGlobal
